// !$*UTF8*$!
{
	archiveVersion = 1;
	classes = {
	};
	objectVersion = 56;
	objects = {

/* Begin PBXBuildFile section */
		FF18D468296EAF5600DCB69E /* Assets.xcassets in Resources */ = {isa = PBXBuildFile; fileRef = FF18D467296EAF5600DCB69E /* Assets.xcassets */; };
		FF1D436B297437D100E3B172 /* Mulish-LightItalic.ttf in Resources */ = {isa = PBXBuildFile; fileRef = FF1D4357297437D000E3B172 /* Mulish-LightItalic.ttf */; };
		FF1D436C297437D100E3B172 /* Mulish-ExtraBoldItalic.ttf in Resources */ = {isa = PBXBuildFile; fileRef = FF1D4358297437D000E3B172 /* Mulish-ExtraBoldItalic.ttf */; };
		FF1D436D297437D100E3B172 /* Mulish-Italic.ttf in Resources */ = {isa = PBXBuildFile; fileRef = FF1D4359297437D000E3B172 /* Mulish-Italic.ttf */; };
		FF1D436E297437D100E3B172 /* Mulish-Regular.ttf in Resources */ = {isa = PBXBuildFile; fileRef = FF1D435A297437D000E3B172 /* Mulish-Regular.ttf */; };
		FF1D436F297437D100E3B172 /* Mulish-Black.ttf in Resources */ = {isa = PBXBuildFile; fileRef = FF1D435B297437D000E3B172 /* Mulish-Black.ttf */; };
		FF1D4370297437D100E3B172 /* Mulish-BlackItalic.ttf in Resources */ = {isa = PBXBuildFile; fileRef = FF1D435C297437D000E3B172 /* Mulish-BlackItalic.ttf */; };
		FF1D4371297437D100E3B172 /* Mulish-SemiBoldItalic.ttf in Resources */ = {isa = PBXBuildFile; fileRef = FF1D435D297437D000E3B172 /* Mulish-SemiBoldItalic.ttf */; };
		FF1D4372297437D100E3B172 /* Mulish-ExtraLightItalic.ttf in Resources */ = {isa = PBXBuildFile; fileRef = FF1D435E297437D000E3B172 /* Mulish-ExtraLightItalic.ttf */; };
		FF1D4373297437D100E3B172 /* Mulish-Bold.ttf in Resources */ = {isa = PBXBuildFile; fileRef = FF1D435F297437D000E3B172 /* Mulish-Bold.ttf */; };
		FF1D4374297437D100E3B172 /* Mulish-Light.ttf in Resources */ = {isa = PBXBuildFile; fileRef = FF1D4360297437D000E3B172 /* Mulish-Light.ttf */; };
		FF1D4375297437D100E3B172 /* Mulish-ExtraBold.ttf in Resources */ = {isa = PBXBuildFile; fileRef = FF1D4361297437D000E3B172 /* Mulish-ExtraBold.ttf */; };
		FF1D4376297437D100E3B172 /* Mulish-ExtraLight.ttf in Resources */ = {isa = PBXBuildFile; fileRef = FF1D4362297437D000E3B172 /* Mulish-ExtraLight.ttf */; };
		FF1D4377297437D100E3B172 /* Mulish-Medium.ttf in Resources */ = {isa = PBXBuildFile; fileRef = FF1D4363297437D000E3B172 /* Mulish-Medium.ttf */; };
		FF1D4378297437D100E3B172 /* Mulish-MediumItalic.ttf in Resources */ = {isa = PBXBuildFile; fileRef = FF1D4364297437D000E3B172 /* Mulish-MediumItalic.ttf */; };
		FF1D4379297437D100E3B172 /* Mulish-SemiBold.ttf in Resources */ = {isa = PBXBuildFile; fileRef = FF1D4365297437D000E3B172 /* Mulish-SemiBold.ttf */; };
		FF1D437A297437D100E3B172 /* Mulish-BoldItalic.ttf in Resources */ = {isa = PBXBuildFile; fileRef = FF1D4366297437D000E3B172 /* Mulish-BoldItalic.ttf */; };
		FF1D437B297437D100E3B172 /* OFL.txt in Resources */ = {isa = PBXBuildFile; fileRef = FF1D4367297437D000E3B172 /* OFL.txt */; };
		FF1D437C297437D100E3B172 /* README.txt in Resources */ = {isa = PBXBuildFile; fileRef = FF1D4368297437D000E3B172 /* README.txt */; };
		FF1D437D297437D100E3B172 /* Mulish-Italic-VariableFont_wght.ttf in Resources */ = {isa = PBXBuildFile; fileRef = FF1D4369297437D000E3B172 /* Mulish-Italic-VariableFont_wght.ttf */; };
		FF1D437E297437D100E3B172 /* Mulish-VariableFont_wght.ttf in Resources */ = {isa = PBXBuildFile; fileRef = FF1D436A297437D000E3B172 /* Mulish-VariableFont_wght.ttf */; };
		FF1D43822974955300E3B172 /* ColorExtension.swift in Sources */ = {isa = PBXBuildFile; fileRef = FF1D43812974955300E3B172 /* ColorExtension.swift */; };
		FF3B2F302A069AFA00DDBDBF /* LoremIpsum.swift in Sources */ = {isa = PBXBuildFile; fileRef = FF3B2F2F2A069AFA00DDBDBF /* LoremIpsum.swift */; };
		FF3B2F322A06A02200DDBDBF /* Dummies.swift in Sources */ = {isa = PBXBuildFile; fileRef = FF3B2F312A06A02200DDBDBF /* Dummies.swift */; };
		FF3B2F342A07D6CC00DDBDBF /* PetService.swift in Sources */ = {isa = PBXBuildFile; fileRef = FF3B2F332A07D6CC00DDBDBF /* PetService.swift */; };
		FF3B2F362A07DA1900DDBDBF /* PetModel.swift in Sources */ = {isa = PBXBuildFile; fileRef = FF3B2F352A07DA1900DDBDBF /* PetModel.swift */; };
		FF3B2F382A07E96E00DDBDBF /* StringEndings.swift in Sources */ = {isa = PBXBuildFile; fileRef = FF3B2F372A07E96E00DDBDBF /* StringEndings.swift */; };
		FF3B2F3A2A07F11200DDBDBF /* MyPetsView.swift in Sources */ = {isa = PBXBuildFile; fileRef = FF3B2F392A07F11200DDBDBF /* MyPetsView.swift */; };
		FF3B2F3C2A07F3E100DDBDBF /* TextChip.swift in Sources */ = {isa = PBXBuildFile; fileRef = FF3B2F3B2A07F3E100DDBDBF /* TextChip.swift */; };
		FF5BA5DC2970AB060049C57E /* ValidationManager.swift in Sources */ = {isa = PBXBuildFile; fileRef = FF5BA5DB2970AB060049C57E /* ValidationManager.swift */; };
		FF5BA5DE2970B1DC0049C57E /* RegexExtension.swift in Sources */ = {isa = PBXBuildFile; fileRef = FF5BA5DD2970B1DB0049C57E /* RegexExtension.swift */; };
		FF7272A229FFE2FC0057886B /* KeyboardExtension.swift in Sources */ = {isa = PBXBuildFile; fileRef = FF7272A129FFE2FC0057886B /* KeyboardExtension.swift */; };
		FF7272A429FFE4340057886B /* LogoImage.swift in Sources */ = {isa = PBXBuildFile; fileRef = FF7272A329FFE4340057886B /* LogoImage.swift */; };
		FF7A709629CCED440082A4B1 /* LoginView.swift in Sources */ = {isa = PBXBuildFile; fileRef = FF7A709529CCED430082A4B1 /* LoginView.swift */; };
		FF7A709829CD15E20082A4B1 /* LoginViewModel.swift in Sources */ = {isa = PBXBuildFile; fileRef = FF7A709729CD15E20082A4B1 /* LoginViewModel.swift */; };
		FF7A709A29CD31860082A4B1 /* AppState.swift in Sources */ = {isa = PBXBuildFile; fileRef = FF7A709929CD31860082A4B1 /* AppState.swift */; };
		FF7A709C29CD385B0082A4B1 /* MainTabView.swift in Sources */ = {isa = PBXBuildFile; fileRef = FF7A709B29CD385B0082A4B1 /* MainTabView.swift */; };
		FFAAD3E329C3CD2C00359F86 /* PetLand.swift in Sources */ = {isa = PBXBuildFile; fileRef = FFAAD3E229C3CD2C00359F86 /* PetLand.swift */; };
		FFAAD3E529C3CE8900359F86 /* CustomCheckbox.swift in Sources */ = {isa = PBXBuildFile; fileRef = FFAAD3E429C3CE8900359F86 /* CustomCheckbox.swift */; };
		FFAAD3E729C3D2D000359F86 /* FontExtension.swift in Sources */ = {isa = PBXBuildFile; fileRef = FFAAD3E629C3D2D000359F86 /* FontExtension.swift */; };
		FFAAD3E929C3D43300359F86 /* CustomTextField.swift in Sources */ = {isa = PBXBuildFile; fileRef = FFAAD3E829C3D43300359F86 /* CustomTextField.swift */; };
		FFAAD3EB29C3EE5A00359F86 /* TextContentTypes.swift in Sources */ = {isa = PBXBuildFile; fileRef = FFAAD3EA29C3EE5A00359F86 /* TextContentTypes.swift */; };
		FFAAD3EE29C4151F00359F86 /* CustomButton.swift in Sources */ = {isa = PBXBuildFile; fileRef = FFAAD3ED29C4151F00359F86 /* CustomButton.swift */; };
		FFAD428829E6C72D00DB6D13 /* RegistrationView.swift in Sources */ = {isa = PBXBuildFile; fileRef = FFAD428729E6C72D00DB6D13 /* RegistrationView.swift */; };
		FFAD428A29E6C7CD00DB6D13 /* RegistrationPage1.swift in Sources */ = {isa = PBXBuildFile; fileRef = FFAD428929E6C7CD00DB6D13 /* RegistrationPage1.swift */; };
		FFAD428C29E6C7D600DB6D13 /* RegistrationPage2.swift in Sources */ = {isa = PBXBuildFile; fileRef = FFAD428B29E6C7D600DB6D13 /* RegistrationPage2.swift */; };
		FFAD428E29E6CD0000DB6D13 /* RegistrationPage3.swift in Sources */ = {isa = PBXBuildFile; fileRef = FFAD428D29E6CD0000DB6D13 /* RegistrationPage3.swift */; };
		FFAD429029E6CE9100DB6D13 /* RegistrationViewModel.swift in Sources */ = {isa = PBXBuildFile; fileRef = FFAD428F29E6CE9100DB6D13 /* RegistrationViewModel.swift */; };
		FFC942622A05679100108349 /* ProfileView.swift in Sources */ = {isa = PBXBuildFile; fileRef = FFC942612A05679100108349 /* ProfileView.swift */; };
		FFC942642A0567A700108349 /* MarketplaceView.swift in Sources */ = {isa = PBXBuildFile; fileRef = FFC942632A0567A700108349 /* MarketplaceView.swift */; };
		FFC942662A0567B600108349 /* ServicesView.swift in Sources */ = {isa = PBXBuildFile; fileRef = FFC942652A0567B600108349 /* ServicesView.swift */; };
		FFC942682A0567C900108349 /* MessengerView.swift in Sources */ = {isa = PBXBuildFile; fileRef = FFC942672A0567C900108349 /* MessengerView.swift */; };
		FFC9426A2A0567FA00108349 /* FavouritesView.swift in Sources */ = {isa = PBXBuildFile; fileRef = FFC942692A0567FA00108349 /* FavouritesView.swift */; };
		FFC9426C2A057D5100108349 /* AccessTokenStorage.swift in Sources */ = {isa = PBXBuildFile; fileRef = FFC9426B2A057D5100108349 /* AccessTokenStorage.swift */; };
		FFC9426F2A066E2900108349 /* ProfileViewModel.swift in Sources */ = {isa = PBXBuildFile; fileRef = FFC9426E2A066E2900108349 /* ProfileViewModel.swift */; };
		FFC942722A0671DF00108349 /* UserModel.swift in Sources */ = {isa = PBXBuildFile; fileRef = FFC942712A0671DF00108349 /* UserModel.swift */; };
		FFC942772A0694D900108349 /* Preview Assets.xcassets in Resources */ = {isa = PBXBuildFile; fileRef = FFC942762A0694D900108349 /* Preview Assets.xcassets */; };
		FFDF81772A040B1900539F74 /* Alamofire in Frameworks */ = {isa = PBXBuildFile; productRef = FFDF81762A040B1900539F74 /* Alamofire */; };
		FFDF81792A0535B000539F74 /* Endpoint.swift in Sources */ = {isa = PBXBuildFile; fileRef = FFDF81782A0535B000539F74 /* Endpoint.swift */; };
		FFDF817B2A0543F500539F74 /* UserService.swift in Sources */ = {isa = PBXBuildFile; fileRef = FFDF817A2A0543F500539F74 /* UserService.swift */; };
/* End PBXBuildFile section */

/* Begin PBXFileReference section */
		FF18D45B296EAF5500DCB69E /* PetLand.app */ = {isa = PBXFileReference; explicitFileType = wrapper.application; includeInIndex = 0; path = PetLand.app; sourceTree = BUILT_PRODUCTS_DIR; };
		FF18D467296EAF5600DCB69E /* Assets.xcassets */ = {isa = PBXFileReference; lastKnownFileType = folder.assetcatalog; path = Assets.xcassets; sourceTree = "<group>"; };
		FF18D46C296EAF5600DCB69E /* Info.plist */ = {isa = PBXFileReference; lastKnownFileType = text.plist.xml; path = Info.plist; sourceTree = "<group>"; };
		FF1D4357297437D000E3B172 /* Mulish-LightItalic.ttf */ = {isa = PBXFileReference; lastKnownFileType = file; path = "Mulish-LightItalic.ttf"; sourceTree = "<group>"; };
		FF1D4358297437D000E3B172 /* Mulish-ExtraBoldItalic.ttf */ = {isa = PBXFileReference; lastKnownFileType = file; path = "Mulish-ExtraBoldItalic.ttf"; sourceTree = "<group>"; };
		FF1D4359297437D000E3B172 /* Mulish-Italic.ttf */ = {isa = PBXFileReference; lastKnownFileType = file; path = "Mulish-Italic.ttf"; sourceTree = "<group>"; };
		FF1D435A297437D000E3B172 /* Mulish-Regular.ttf */ = {isa = PBXFileReference; lastKnownFileType = file; path = "Mulish-Regular.ttf"; sourceTree = "<group>"; };
		FF1D435B297437D000E3B172 /* Mulish-Black.ttf */ = {isa = PBXFileReference; lastKnownFileType = file; path = "Mulish-Black.ttf"; sourceTree = "<group>"; };
		FF1D435C297437D000E3B172 /* Mulish-BlackItalic.ttf */ = {isa = PBXFileReference; lastKnownFileType = file; path = "Mulish-BlackItalic.ttf"; sourceTree = "<group>"; };
		FF1D435D297437D000E3B172 /* Mulish-SemiBoldItalic.ttf */ = {isa = PBXFileReference; lastKnownFileType = file; path = "Mulish-SemiBoldItalic.ttf"; sourceTree = "<group>"; };
		FF1D435E297437D000E3B172 /* Mulish-ExtraLightItalic.ttf */ = {isa = PBXFileReference; lastKnownFileType = file; path = "Mulish-ExtraLightItalic.ttf"; sourceTree = "<group>"; };
		FF1D435F297437D000E3B172 /* Mulish-Bold.ttf */ = {isa = PBXFileReference; lastKnownFileType = file; path = "Mulish-Bold.ttf"; sourceTree = "<group>"; };
		FF1D4360297437D000E3B172 /* Mulish-Light.ttf */ = {isa = PBXFileReference; lastKnownFileType = file; path = "Mulish-Light.ttf"; sourceTree = "<group>"; };
		FF1D4361297437D000E3B172 /* Mulish-ExtraBold.ttf */ = {isa = PBXFileReference; lastKnownFileType = file; path = "Mulish-ExtraBold.ttf"; sourceTree = "<group>"; };
		FF1D4362297437D000E3B172 /* Mulish-ExtraLight.ttf */ = {isa = PBXFileReference; lastKnownFileType = file; path = "Mulish-ExtraLight.ttf"; sourceTree = "<group>"; };
		FF1D4363297437D000E3B172 /* Mulish-Medium.ttf */ = {isa = PBXFileReference; lastKnownFileType = file; path = "Mulish-Medium.ttf"; sourceTree = "<group>"; };
		FF1D4364297437D000E3B172 /* Mulish-MediumItalic.ttf */ = {isa = PBXFileReference; lastKnownFileType = file; path = "Mulish-MediumItalic.ttf"; sourceTree = "<group>"; };
		FF1D4365297437D000E3B172 /* Mulish-SemiBold.ttf */ = {isa = PBXFileReference; lastKnownFileType = file; path = "Mulish-SemiBold.ttf"; sourceTree = "<group>"; };
		FF1D4366297437D000E3B172 /* Mulish-BoldItalic.ttf */ = {isa = PBXFileReference; lastKnownFileType = file; path = "Mulish-BoldItalic.ttf"; sourceTree = "<group>"; };
		FF1D4367297437D000E3B172 /* OFL.txt */ = {isa = PBXFileReference; fileEncoding = 4; lastKnownFileType = text; path = OFL.txt; sourceTree = "<group>"; };
		FF1D4368297437D000E3B172 /* README.txt */ = {isa = PBXFileReference; fileEncoding = 4; lastKnownFileType = text; path = README.txt; sourceTree = "<group>"; };
		FF1D4369297437D000E3B172 /* Mulish-Italic-VariableFont_wght.ttf */ = {isa = PBXFileReference; lastKnownFileType = file; path = "Mulish-Italic-VariableFont_wght.ttf"; sourceTree = "<group>"; };
		FF1D436A297437D000E3B172 /* Mulish-VariableFont_wght.ttf */ = {isa = PBXFileReference; lastKnownFileType = file; path = "Mulish-VariableFont_wght.ttf"; sourceTree = "<group>"; };
		FF1D43812974955300E3B172 /* ColorExtension.swift */ = {isa = PBXFileReference; lastKnownFileType = sourcecode.swift; path = ColorExtension.swift; sourceTree = "<group>"; };
		FF3B2F2F2A069AFA00DDBDBF /* LoremIpsum.swift */ = {isa = PBXFileReference; lastKnownFileType = sourcecode.swift; path = LoremIpsum.swift; sourceTree = "<group>"; };
		FF3B2F312A06A02200DDBDBF /* Dummies.swift */ = {isa = PBXFileReference; lastKnownFileType = sourcecode.swift; path = Dummies.swift; sourceTree = "<group>"; };
		FF3B2F332A07D6CC00DDBDBF /* PetService.swift */ = {isa = PBXFileReference; lastKnownFileType = sourcecode.swift; path = PetService.swift; sourceTree = "<group>"; };
		FF3B2F352A07DA1900DDBDBF /* PetModel.swift */ = {isa = PBXFileReference; lastKnownFileType = sourcecode.swift; path = PetModel.swift; sourceTree = "<group>"; };
		FF3B2F372A07E96E00DDBDBF /* StringEndings.swift */ = {isa = PBXFileReference; lastKnownFileType = sourcecode.swift; path = StringEndings.swift; sourceTree = "<group>"; };
		FF3B2F392A07F11200DDBDBF /* MyPetsView.swift */ = {isa = PBXFileReference; lastKnownFileType = sourcecode.swift; path = MyPetsView.swift; sourceTree = "<group>"; };
		FF3B2F3B2A07F3E100DDBDBF /* TextChip.swift */ = {isa = PBXFileReference; lastKnownFileType = sourcecode.swift; path = TextChip.swift; sourceTree = "<group>"; };
		FF5BA5DB2970AB060049C57E /* ValidationManager.swift */ = {isa = PBXFileReference; lastKnownFileType = sourcecode.swift; path = ValidationManager.swift; sourceTree = "<group>"; };
		FF5BA5DD2970B1DB0049C57E /* RegexExtension.swift */ = {isa = PBXFileReference; lastKnownFileType = sourcecode.swift; path = RegexExtension.swift; sourceTree = "<group>"; };
		FF7272A129FFE2FC0057886B /* KeyboardExtension.swift */ = {isa = PBXFileReference; lastKnownFileType = sourcecode.swift; path = KeyboardExtension.swift; sourceTree = "<group>"; };
		FF7272A329FFE4340057886B /* LogoImage.swift */ = {isa = PBXFileReference; lastKnownFileType = sourcecode.swift; path = LogoImage.swift; sourceTree = "<group>"; };
		FF7A709529CCED430082A4B1 /* LoginView.swift */ = {isa = PBXFileReference; lastKnownFileType = sourcecode.swift; path = LoginView.swift; sourceTree = "<group>"; };
		FF7A709729CD15E20082A4B1 /* LoginViewModel.swift */ = {isa = PBXFileReference; lastKnownFileType = sourcecode.swift; path = LoginViewModel.swift; sourceTree = "<group>"; };
		FF7A709929CD31860082A4B1 /* AppState.swift */ = {isa = PBXFileReference; lastKnownFileType = sourcecode.swift; path = AppState.swift; sourceTree = "<group>"; };
		FF7A709B29CD385B0082A4B1 /* MainTabView.swift */ = {isa = PBXFileReference; lastKnownFileType = sourcecode.swift; path = MainTabView.swift; sourceTree = "<group>"; };
		FFAAD3E229C3CD2C00359F86 /* PetLand.swift */ = {isa = PBXFileReference; lastKnownFileType = sourcecode.swift; path = PetLand.swift; sourceTree = "<group>"; };
		FFAAD3E429C3CE8900359F86 /* CustomCheckbox.swift */ = {isa = PBXFileReference; lastKnownFileType = sourcecode.swift; path = CustomCheckbox.swift; sourceTree = "<group>"; };
		FFAAD3E629C3D2D000359F86 /* FontExtension.swift */ = {isa = PBXFileReference; lastKnownFileType = sourcecode.swift; path = FontExtension.swift; sourceTree = "<group>"; };
		FFAAD3E829C3D43300359F86 /* CustomTextField.swift */ = {isa = PBXFileReference; lastKnownFileType = sourcecode.swift; path = CustomTextField.swift; sourceTree = "<group>"; };
		FFAAD3EA29C3EE5A00359F86 /* TextContentTypes.swift */ = {isa = PBXFileReference; lastKnownFileType = sourcecode.swift; path = TextContentTypes.swift; sourceTree = "<group>"; };
		FFAAD3ED29C4151F00359F86 /* CustomButton.swift */ = {isa = PBXFileReference; lastKnownFileType = sourcecode.swift; path = CustomButton.swift; sourceTree = "<group>"; };
		FFAD428729E6C72D00DB6D13 /* RegistrationView.swift */ = {isa = PBXFileReference; lastKnownFileType = sourcecode.swift; path = RegistrationView.swift; sourceTree = "<group>"; };
		FFAD428929E6C7CD00DB6D13 /* RegistrationPage1.swift */ = {isa = PBXFileReference; lastKnownFileType = sourcecode.swift; path = RegistrationPage1.swift; sourceTree = "<group>"; };
		FFAD428B29E6C7D600DB6D13 /* RegistrationPage2.swift */ = {isa = PBXFileReference; lastKnownFileType = sourcecode.swift; path = RegistrationPage2.swift; sourceTree = "<group>"; };
		FFAD428D29E6CD0000DB6D13 /* RegistrationPage3.swift */ = {isa = PBXFileReference; lastKnownFileType = sourcecode.swift; path = RegistrationPage3.swift; sourceTree = "<group>"; };
		FFAD428F29E6CE9100DB6D13 /* RegistrationViewModel.swift */ = {isa = PBXFileReference; lastKnownFileType = sourcecode.swift; path = RegistrationViewModel.swift; sourceTree = "<group>"; };
		FFC942612A05679100108349 /* ProfileView.swift */ = {isa = PBXFileReference; lastKnownFileType = sourcecode.swift; path = ProfileView.swift; sourceTree = "<group>"; };
		FFC942632A0567A700108349 /* MarketplaceView.swift */ = {isa = PBXFileReference; lastKnownFileType = sourcecode.swift; path = MarketplaceView.swift; sourceTree = "<group>"; };
		FFC942652A0567B600108349 /* ServicesView.swift */ = {isa = PBXFileReference; lastKnownFileType = sourcecode.swift; path = ServicesView.swift; sourceTree = "<group>"; };
		FFC942672A0567C900108349 /* MessengerView.swift */ = {isa = PBXFileReference; lastKnownFileType = sourcecode.swift; path = MessengerView.swift; sourceTree = "<group>"; };
		FFC942692A0567FA00108349 /* FavouritesView.swift */ = {isa = PBXFileReference; lastKnownFileType = sourcecode.swift; path = FavouritesView.swift; sourceTree = "<group>"; };
		FFC9426B2A057D5100108349 /* AccessTokenStorage.swift */ = {isa = PBXFileReference; lastKnownFileType = sourcecode.swift; path = AccessTokenStorage.swift; sourceTree = "<group>"; };
		FFC9426E2A066E2900108349 /* ProfileViewModel.swift */ = {isa = PBXFileReference; lastKnownFileType = sourcecode.swift; path = ProfileViewModel.swift; sourceTree = "<group>"; };
		FFC942712A0671DF00108349 /* UserModel.swift */ = {isa = PBXFileReference; lastKnownFileType = sourcecode.swift; path = UserModel.swift; sourceTree = "<group>"; };
		FFC942762A0694D900108349 /* Preview Assets.xcassets */ = {isa = PBXFileReference; lastKnownFileType = folder.assetcatalog; path = "Preview Assets.xcassets"; sourceTree = "<group>"; };
		FFDF81782A0535B000539F74 /* Endpoint.swift */ = {isa = PBXFileReference; lastKnownFileType = sourcecode.swift; path = Endpoint.swift; sourceTree = "<group>"; };
		FFDF817A2A0543F500539F74 /* UserService.swift */ = {isa = PBXFileReference; lastKnownFileType = sourcecode.swift; path = UserService.swift; sourceTree = "<group>"; };
/* End PBXFileReference section */

/* Begin PBXFrameworksBuildPhase section */
		FF18D458296EAF5500DCB69E /* Frameworks */ = {
			isa = PBXFrameworksBuildPhase;
			buildActionMask = 2147483647;
			files = (
				FFDF81772A040B1900539F74 /* Alamofire in Frameworks */,
			);
			runOnlyForDeploymentPostprocessing = 0;
		};
/* End PBXFrameworksBuildPhase section */

/* Begin PBXGroup section */
		FF18D452296EAF5500DCB69E = {
			isa = PBXGroup;
			children = (
				FF18D45D296EAF5500DCB69E /* PetLand */,
				FF18D45C296EAF5500DCB69E /* Products */,
			);
			sourceTree = "<group>";
		};
		FF18D45C296EAF5500DCB69E /* Products */ = {
			isa = PBXGroup;
			children = (
				FF18D45B296EAF5500DCB69E /* PetLand.app */,
			);
			name = Products;
			sourceTree = "<group>";
		};
		FF18D45D296EAF5500DCB69E /* PetLand */ = {
			isa = PBXGroup;
			children = (
				FF1D438029743C7A00E3B172 /* Resources */,
				FF5BA5C629708D320049C57E /* Extensions */,
				FFC942702A0671D500108349 /* Models */,
				FF5BA5D529709A490049C57E /* Services */,
				FFAAD3EC29C414B300359F86 /* Components */,
				FF5BA5C529708D000049C57E /* Views */,
				FF18D46C296EAF5600DCB69E /* Info.plist */,
				FFAAD3E229C3CD2C00359F86 /* PetLand.swift */,
				FF7A709929CD31860082A4B1 /* AppState.swift */,
				FFC942752A0694C000108349 /* Preview Content */,
			);
			path = PetLand;
			sourceTree = "<group>";
		};
		FF1D434D29742AC500E3B172 /* Auth */ = {
			isa = PBXGroup;
			children = (
				FF1D434E29742ACE00E3B172 /* Login */,
				FF8D125C299957620083F901 /* Registration */,
			);
			path = Auth;
			sourceTree = "<group>";
		};
		FF1D434E29742ACE00E3B172 /* Login */ = {
			isa = PBXGroup;
			children = (
				FF7A709529CCED430082A4B1 /* LoginView.swift */,
				FF7A709729CD15E20082A4B1 /* LoginViewModel.swift */,
			);
			path = Login;
			sourceTree = "<group>";
		};
		FF1D4355297437D000E3B172 /* Mulish */ = {
			isa = PBXGroup;
			children = (
				FF1D4356297437D000E3B172 /* static */,
				FF1D4367297437D000E3B172 /* OFL.txt */,
				FF1D4368297437D000E3B172 /* README.txt */,
				FF1D4369297437D000E3B172 /* Mulish-Italic-VariableFont_wght.ttf */,
				FF1D436A297437D000E3B172 /* Mulish-VariableFont_wght.ttf */,
			);
			path = Mulish;
			sourceTree = "<group>";
		};
		FF1D4356297437D000E3B172 /* static */ = {
			isa = PBXGroup;
			children = (
				FF1D4357297437D000E3B172 /* Mulish-LightItalic.ttf */,
				FF1D4358297437D000E3B172 /* Mulish-ExtraBoldItalic.ttf */,
				FF1D4359297437D000E3B172 /* Mulish-Italic.ttf */,
				FF1D435A297437D000E3B172 /* Mulish-Regular.ttf */,
				FF1D435B297437D000E3B172 /* Mulish-Black.ttf */,
				FF1D435C297437D000E3B172 /* Mulish-BlackItalic.ttf */,
				FF1D435D297437D000E3B172 /* Mulish-SemiBoldItalic.ttf */,
				FF1D435E297437D000E3B172 /* Mulish-ExtraLightItalic.ttf */,
				FF1D435F297437D000E3B172 /* Mulish-Bold.ttf */,
				FF1D4360297437D000E3B172 /* Mulish-Light.ttf */,
				FF1D4361297437D000E3B172 /* Mulish-ExtraBold.ttf */,
				FF1D4362297437D000E3B172 /* Mulish-ExtraLight.ttf */,
				FF1D4363297437D000E3B172 /* Mulish-Medium.ttf */,
				FF1D4364297437D000E3B172 /* Mulish-MediumItalic.ttf */,
				FF1D4365297437D000E3B172 /* Mulish-SemiBold.ttf */,
				FF1D4366297437D000E3B172 /* Mulish-BoldItalic.ttf */,
			);
			path = static;
			sourceTree = "<group>";
		};
		FF1D437F297437E900E3B172 /* Fonts */ = {
			isa = PBXGroup;
			children = (
				FF1D4355297437D000E3B172 /* Mulish */,
			);
			path = Fonts;
			sourceTree = "<group>";
		};
		FF1D438029743C7A00E3B172 /* Resources */ = {
			isa = PBXGroup;
			children = (
				FF18D467296EAF5600DCB69E /* Assets.xcassets */,
				FF1D437F297437E900E3B172 /* Fonts */,
			);
			path = Resources;
			sourceTree = "<group>";
		};
		FF5BA5C529708D000049C57E /* Views */ = {
			isa = PBXGroup;
			children = (
				FF1D434D29742AC500E3B172 /* Auth */,
				FF8D12562999392E0083F901 /* Main */,
			);
			path = Views;
			sourceTree = "<group>";
		};
		FF5BA5C629708D320049C57E /* Extensions */ = {
			isa = PBXGroup;
			children = (
				FF7272A129FFE2FC0057886B /* KeyboardExtension.swift */,
				FF5BA5DD2970B1DB0049C57E /* RegexExtension.swift */,
				FF1D43812974955300E3B172 /* ColorExtension.swift */,
				FFAAD3E629C3D2D000359F86 /* FontExtension.swift */,
				FFAAD3EA29C3EE5A00359F86 /* TextContentTypes.swift */,
				FF3B2F372A07E96E00DDBDBF /* StringEndings.swift */,
			);
			path = Extensions;
			sourceTree = "<group>";
		};
		FF5BA5D529709A490049C57E /* Services */ = {
			isa = PBXGroup;
			children = (
				FF5BA5DB2970AB060049C57E /* ValidationManager.swift */,
				FFDF81782A0535B000539F74 /* Endpoint.swift */,
				FFDF817A2A0543F500539F74 /* UserService.swift */,
				FFC9426B2A057D5100108349 /* AccessTokenStorage.swift */,
				FF3B2F332A07D6CC00DDBDBF /* PetService.swift */,
			);
			path = Services;
			sourceTree = "<group>";
		};
		FF8D12562999392E0083F901 /* Main */ = {
			isa = PBXGroup;
			children = (
				FFC9426D2A066E1200108349 /* ProfileView */,
				FF7A709B29CD385B0082A4B1 /* MainTabView.swift */,
				FFC942632A0567A700108349 /* MarketplaceView.swift */,
				FFC942652A0567B600108349 /* ServicesView.swift */,
				FFC942672A0567C900108349 /* MessengerView.swift */,
				FFC942692A0567FA00108349 /* FavouritesView.swift */,
			);
			path = Main;
			sourceTree = "<group>";
		};
		FF8D125C299957620083F901 /* Registration */ = {
			isa = PBXGroup;
			children = (
				FF8D125F2999580B0083F901 /* Pages */,
				FFAD428729E6C72D00DB6D13 /* RegistrationView.swift */,
				FFAD428F29E6CE9100DB6D13 /* RegistrationViewModel.swift */,
			);
			path = Registration;
			sourceTree = "<group>";
		};
		FF8D125F2999580B0083F901 /* Pages */ = {
			isa = PBXGroup;
			children = (
				FFAD428929E6C7CD00DB6D13 /* RegistrationPage1.swift */,
				FFAD428B29E6C7D600DB6D13 /* RegistrationPage2.swift */,
				FFAD428D29E6CD0000DB6D13 /* RegistrationPage3.swift */,
			);
			path = Pages;
			sourceTree = "<group>";
		};
		FFAAD3EC29C414B300359F86 /* Components */ = {
			isa = PBXGroup;
			children = (
				FFAAD3E429C3CE8900359F86 /* CustomCheckbox.swift */,
				FFAAD3E829C3D43300359F86 /* CustomTextField.swift */,
				FFAAD3ED29C4151F00359F86 /* CustomButton.swift */,
				FF7272A329FFE4340057886B /* LogoImage.swift */,
				FF3B2F3B2A07F3E100DDBDBF /* TextChip.swift */,
			);
			path = Components;
			sourceTree = "<group>";
		};
		FFC9426D2A066E1200108349 /* ProfileView */ = {
			isa = PBXGroup;
			children = (
				FFC942612A05679100108349 /* ProfileView.swift */,
				FFC9426E2A066E2900108349 /* ProfileViewModel.swift */,
				FF3B2F392A07F11200DDBDBF /* MyPetsView.swift */,
			);
			path = ProfileView;
			sourceTree = "<group>";
		};
		FFC942702A0671D500108349 /* Models */ = {
			isa = PBXGroup;
			children = (
				FFC942712A0671DF00108349 /* UserModel.swift */,
				FF3B2F352A07DA1900DDBDBF /* PetModel.swift */,
			);
			path = Models;
			sourceTree = "<group>";
		};
		FFC942752A0694C000108349 /* Preview Content */ = {
			isa = PBXGroup;
			children = (
				FFC942762A0694D900108349 /* Preview Assets.xcassets */,
				FF3B2F2F2A069AFA00DDBDBF /* LoremIpsum.swift */,
				FF3B2F312A06A02200DDBDBF /* Dummies.swift */,
			);
			path = "Preview Content";
			sourceTree = "<group>";
		};
/* End PBXGroup section */

/* Begin PBXNativeTarget section */
		FF18D45A296EAF5500DCB69E /* PetLand */ = {
			isa = PBXNativeTarget;
			buildConfigurationList = FF18D46F296EAF5600DCB69E /* Build configuration list for PBXNativeTarget "PetLand" */;
			buildPhases = (
				FF18D457296EAF5500DCB69E /* Sources */,
				FF18D458296EAF5500DCB69E /* Frameworks */,
				FF18D459296EAF5500DCB69E /* Resources */,
			);
			buildRules = (
			);
			dependencies = (
			);
			name = PetLand;
			packageProductDependencies = (
				FFDF81762A040B1900539F74 /* Alamofire */,
			);
			productName = PetLand;
			productReference = FF18D45B296EAF5500DCB69E /* PetLand.app */;
			productType = "com.apple.product-type.application";
		};
/* End PBXNativeTarget section */

/* Begin PBXProject section */
		FF18D453296EAF5500DCB69E /* Project object */ = {
			isa = PBXProject;
			attributes = {
				BuildIndependentTargetsInParallel = 1;
				LastSwiftUpdateCheck = 1420;
				LastUpgradeCheck = 1420;
				TargetAttributes = {
					FF18D45A296EAF5500DCB69E = {
						CreatedOnToolsVersion = 14.2;
					};
				};
			};
			buildConfigurationList = FF18D456296EAF5500DCB69E /* Build configuration list for PBXProject "PetLand" */;
			compatibilityVersion = "Xcode 14.0";
			developmentRegion = en;
			hasScannedForEncodings = 0;
			knownRegions = (
				en,
				Base,
			);
			mainGroup = FF18D452296EAF5500DCB69E;
			packageReferences = (
				FFDF81752A040B1900539F74 /* XCRemoteSwiftPackageReference "Alamofire" */,
			);
			productRefGroup = FF18D45C296EAF5500DCB69E /* Products */;
			projectDirPath = "";
			projectRoot = "";
			targets = (
				FF18D45A296EAF5500DCB69E /* PetLand */,
			);
		};
/* End PBXProject section */

/* Begin PBXResourcesBuildPhase section */
		FF18D459296EAF5500DCB69E /* Resources */ = {
			isa = PBXResourcesBuildPhase;
			buildActionMask = 2147483647;
			files = (
				FF1D4370297437D100E3B172 /* Mulish-BlackItalic.ttf in Resources */,
				FF1D4373297437D100E3B172 /* Mulish-Bold.ttf in Resources */,
				FF1D4372297437D100E3B172 /* Mulish-ExtraLightItalic.ttf in Resources */,
				FF1D4375297437D100E3B172 /* Mulish-ExtraBold.ttf in Resources */,
				FF1D437C297437D100E3B172 /* README.txt in Resources */,
				FF1D436F297437D100E3B172 /* Mulish-Black.ttf in Resources */,
				FF1D4377297437D100E3B172 /* Mulish-Medium.ttf in Resources */,
				FF1D4376297437D100E3B172 /* Mulish-ExtraLight.ttf in Resources */,
				FF1D4379297437D100E3B172 /* Mulish-SemiBold.ttf in Resources */,
				FF1D436D297437D100E3B172 /* Mulish-Italic.ttf in Resources */,
				FF1D4374297437D100E3B172 /* Mulish-Light.ttf in Resources */,
				FF1D437E297437D100E3B172 /* Mulish-VariableFont_wght.ttf in Resources */,
				FFC942772A0694D900108349 /* Preview Assets.xcassets in Resources */,
				FF1D437B297437D100E3B172 /* OFL.txt in Resources */,
				FF1D4371297437D100E3B172 /* Mulish-SemiBoldItalic.ttf in Resources */,
				FF1D4378297437D100E3B172 /* Mulish-MediumItalic.ttf in Resources */,
				FF18D468296EAF5600DCB69E /* Assets.xcassets in Resources */,
				FF1D437A297437D100E3B172 /* Mulish-BoldItalic.ttf in Resources */,
				FF1D436B297437D100E3B172 /* Mulish-LightItalic.ttf in Resources */,
				FF1D436C297437D100E3B172 /* Mulish-ExtraBoldItalic.ttf in Resources */,
				FF1D436E297437D100E3B172 /* Mulish-Regular.ttf in Resources */,
				FF1D437D297437D100E3B172 /* Mulish-Italic-VariableFont_wght.ttf in Resources */,
			);
			runOnlyForDeploymentPostprocessing = 0;
		};
/* End PBXResourcesBuildPhase section */

/* Begin PBXSourcesBuildPhase section */
		FF18D457296EAF5500DCB69E /* Sources */ = {
			isa = PBXSourcesBuildPhase;
			buildActionMask = 2147483647;
			files = (
				FFAD428A29E6C7CD00DB6D13 /* RegistrationPage1.swift in Sources */,
				FF3B2F362A07DA1900DDBDBF /* PetModel.swift in Sources */,
				FFDF817B2A0543F500539F74 /* UserService.swift in Sources */,
				FFC9426F2A066E2900108349 /* ProfileViewModel.swift in Sources */,
				FFAAD3E329C3CD2C00359F86 /* PetLand.swift in Sources */,
				FFAD429029E6CE9100DB6D13 /* RegistrationViewModel.swift in Sources */,
				FF5BA5DC2970AB060049C57E /* ValidationManager.swift in Sources */,
				FFC942662A0567B600108349 /* ServicesView.swift in Sources */,
				FFAAD3EE29C4151F00359F86 /* CustomButton.swift in Sources */,
				FF3B2F322A06A02200DDBDBF /* Dummies.swift in Sources */,
				FFAD428829E6C72D00DB6D13 /* RegistrationView.swift in Sources */,
				FF7A709C29CD385B0082A4B1 /* MainTabView.swift in Sources */,
				FF7272A429FFE4340057886B /* LogoImage.swift in Sources */,
				FF3B2F342A07D6CC00DDBDBF /* PetService.swift in Sources */,
				FFAAD3E929C3D43300359F86 /* CustomTextField.swift in Sources */,
				FF7A709A29CD31860082A4B1 /* AppState.swift in Sources */,
				FFAD428C29E6C7D600DB6D13 /* RegistrationPage2.swift in Sources */,
				FF3B2F3C2A07F3E100DDBDBF /* TextChip.swift in Sources */,
				FF1D43822974955300E3B172 /* ColorExtension.swift in Sources */,
				FF7A709829CD15E20082A4B1 /* LoginViewModel.swift in Sources */,
				FF5BA5DE2970B1DC0049C57E /* RegexExtension.swift in Sources */,
				FF7A709629CCED440082A4B1 /* LoginView.swift in Sources */,
				FFAAD3E529C3CE8900359F86 /* CustomCheckbox.swift in Sources */,
				FFC942622A05679100108349 /* ProfileView.swift in Sources */,
				FFC9426A2A0567FA00108349 /* FavouritesView.swift in Sources */,
				FFDF81792A0535B000539F74 /* Endpoint.swift in Sources */,
				FFC942682A0567C900108349 /* MessengerView.swift in Sources */,
				FF3B2F302A069AFA00DDBDBF /* LoremIpsum.swift in Sources */,
				FF7272A229FFE2FC0057886B /* KeyboardExtension.swift in Sources */,
				FFC9426C2A057D5100108349 /* AccessTokenStorage.swift in Sources */,
				FFC942642A0567A700108349 /* MarketplaceView.swift in Sources */,
				FFAD428E29E6CD0000DB6D13 /* RegistrationPage3.swift in Sources */,
				FFAAD3E729C3D2D000359F86 /* FontExtension.swift in Sources */,
				FF3B2F3A2A07F11200DDBDBF /* MyPetsView.swift in Sources */,
				FFC942722A0671DF00108349 /* UserModel.swift in Sources */,
				FFAAD3EB29C3EE5A00359F86 /* TextContentTypes.swift in Sources */,
				FF3B2F382A07E96E00DDBDBF /* StringEndings.swift in Sources */,
			);
			runOnlyForDeploymentPostprocessing = 0;
		};
/* End PBXSourcesBuildPhase section */

/* Begin XCBuildConfiguration section */
		FF18D46D296EAF5600DCB69E /* Debug */ = {
			isa = XCBuildConfiguration;
			buildSettings = {
				ALWAYS_SEARCH_USER_PATHS = NO;
				CLANG_ANALYZER_NONNULL = YES;
				CLANG_ANALYZER_NUMBER_OBJECT_CONVERSION = YES_AGGRESSIVE;
				CLANG_CXX_LANGUAGE_STANDARD = "gnu++20";
				CLANG_ENABLE_MODULES = YES;
				CLANG_ENABLE_OBJC_ARC = YES;
				CLANG_ENABLE_OBJC_WEAK = YES;
				CLANG_WARN_BLOCK_CAPTURE_AUTORELEASING = YES;
				CLANG_WARN_BOOL_CONVERSION = YES;
				CLANG_WARN_COMMA = YES;
				CLANG_WARN_CONSTANT_CONVERSION = YES;
				CLANG_WARN_DEPRECATED_OBJC_IMPLEMENTATIONS = YES;
				CLANG_WARN_DIRECT_OBJC_ISA_USAGE = YES_ERROR;
				CLANG_WARN_DOCUMENTATION_COMMENTS = YES;
				CLANG_WARN_EMPTY_BODY = YES;
				CLANG_WARN_ENUM_CONVERSION = YES;
				CLANG_WARN_INFINITE_RECURSION = YES;
				CLANG_WARN_INT_CONVERSION = YES;
				CLANG_WARN_NON_LITERAL_NULL_CONVERSION = YES;
				CLANG_WARN_OBJC_IMPLICIT_RETAIN_SELF = YES;
				CLANG_WARN_OBJC_LITERAL_CONVERSION = YES;
				CLANG_WARN_OBJC_ROOT_CLASS = YES_ERROR;
				CLANG_WARN_QUOTED_INCLUDE_IN_FRAMEWORK_HEADER = YES;
				CLANG_WARN_RANGE_LOOP_ANALYSIS = YES;
				CLANG_WARN_STRICT_PROTOTYPES = YES;
				CLANG_WARN_SUSPICIOUS_MOVE = YES;
				CLANG_WARN_UNGUARDED_AVAILABILITY = YES_AGGRESSIVE;
				CLANG_WARN_UNREACHABLE_CODE = YES;
				CLANG_WARN__DUPLICATE_METHOD_MATCH = YES;
				COPY_PHASE_STRIP = NO;
				DEBUG_INFORMATION_FORMAT = dwarf;
				ENABLE_STRICT_OBJC_MSGSEND = YES;
				ENABLE_TESTABILITY = YES;
				GCC_C_LANGUAGE_STANDARD = gnu11;
				GCC_DYNAMIC_NO_PIC = NO;
				GCC_NO_COMMON_BLOCKS = YES;
				GCC_OPTIMIZATION_LEVEL = 0;
				GCC_PREPROCESSOR_DEFINITIONS = (
					"DEBUG=1",
					"$(inherited)",
				);
				GCC_WARN_64_TO_32_BIT_CONVERSION = YES;
				GCC_WARN_ABOUT_RETURN_TYPE = YES_ERROR;
				GCC_WARN_UNDECLARED_SELECTOR = YES;
				GCC_WARN_UNINITIALIZED_AUTOS = YES_AGGRESSIVE;
				GCC_WARN_UNUSED_FUNCTION = YES;
				GCC_WARN_UNUSED_VARIABLE = YES;
				IPHONEOS_DEPLOYMENT_TARGET = 16.2;
				MTL_ENABLE_DEBUG_INFO = INCLUDE_SOURCE;
				MTL_FAST_MATH = YES;
				ONLY_ACTIVE_ARCH = YES;
				SDKROOT = iphoneos;
				SWIFT_ACTIVE_COMPILATION_CONDITIONS = DEBUG;
				SWIFT_OPTIMIZATION_LEVEL = "-Onone";
			};
			name = Debug;
		};
		FF18D46E296EAF5600DCB69E /* Release */ = {
			isa = XCBuildConfiguration;
			buildSettings = {
				ALWAYS_SEARCH_USER_PATHS = NO;
				CLANG_ANALYZER_NONNULL = YES;
				CLANG_ANALYZER_NUMBER_OBJECT_CONVERSION = YES_AGGRESSIVE;
				CLANG_CXX_LANGUAGE_STANDARD = "gnu++20";
				CLANG_ENABLE_MODULES = YES;
				CLANG_ENABLE_OBJC_ARC = YES;
				CLANG_ENABLE_OBJC_WEAK = YES;
				CLANG_WARN_BLOCK_CAPTURE_AUTORELEASING = YES;
				CLANG_WARN_BOOL_CONVERSION = YES;
				CLANG_WARN_COMMA = YES;
				CLANG_WARN_CONSTANT_CONVERSION = YES;
				CLANG_WARN_DEPRECATED_OBJC_IMPLEMENTATIONS = YES;
				CLANG_WARN_DIRECT_OBJC_ISA_USAGE = YES_ERROR;
				CLANG_WARN_DOCUMENTATION_COMMENTS = YES;
				CLANG_WARN_EMPTY_BODY = YES;
				CLANG_WARN_ENUM_CONVERSION = YES;
				CLANG_WARN_INFINITE_RECURSION = YES;
				CLANG_WARN_INT_CONVERSION = YES;
				CLANG_WARN_NON_LITERAL_NULL_CONVERSION = YES;
				CLANG_WARN_OBJC_IMPLICIT_RETAIN_SELF = YES;
				CLANG_WARN_OBJC_LITERAL_CONVERSION = YES;
				CLANG_WARN_OBJC_ROOT_CLASS = YES_ERROR;
				CLANG_WARN_QUOTED_INCLUDE_IN_FRAMEWORK_HEADER = YES;
				CLANG_WARN_RANGE_LOOP_ANALYSIS = YES;
				CLANG_WARN_STRICT_PROTOTYPES = YES;
				CLANG_WARN_SUSPICIOUS_MOVE = YES;
				CLANG_WARN_UNGUARDED_AVAILABILITY = YES_AGGRESSIVE;
				CLANG_WARN_UNREACHABLE_CODE = YES;
				CLANG_WARN__DUPLICATE_METHOD_MATCH = YES;
				COPY_PHASE_STRIP = NO;
				DEBUG_INFORMATION_FORMAT = "dwarf-with-dsym";
				ENABLE_NS_ASSERTIONS = NO;
				ENABLE_STRICT_OBJC_MSGSEND = YES;
				GCC_C_LANGUAGE_STANDARD = gnu11;
				GCC_NO_COMMON_BLOCKS = YES;
				GCC_WARN_64_TO_32_BIT_CONVERSION = YES;
				GCC_WARN_ABOUT_RETURN_TYPE = YES_ERROR;
				GCC_WARN_UNDECLARED_SELECTOR = YES;
				GCC_WARN_UNINITIALIZED_AUTOS = YES_AGGRESSIVE;
				GCC_WARN_UNUSED_FUNCTION = YES;
				GCC_WARN_UNUSED_VARIABLE = YES;
				IPHONEOS_DEPLOYMENT_TARGET = 16.2;
				MTL_ENABLE_DEBUG_INFO = NO;
				MTL_FAST_MATH = YES;
				SDKROOT = iphoneos;
				SWIFT_COMPILATION_MODE = wholemodule;
				SWIFT_OPTIMIZATION_LEVEL = "-O";
				VALIDATE_PRODUCT = YES;
			};
			name = Release;
		};
		FF18D470296EAF5600DCB69E /* Debug */ = {
			isa = XCBuildConfiguration;
			buildSettings = {
				ASSETCATALOG_COMPILER_APPICON_NAME = AppIcon;
				ASSETCATALOG_COMPILER_GLOBAL_ACCENT_COLOR_NAME = AccentColor;
				CODE_SIGN_STYLE = Automatic;
				CURRENT_PROJECT_VERSION = 1;
				DEVELOPMENT_ASSET_PATHS = "PetLand/Preview\\ Content";
				DEVELOPMENT_TEAM = 757KZK47PP;
				GENERATE_INFOPLIST_FILE = YES;
				INFOPLIST_FILE = PetLand/Info.plist;
				INFOPLIST_KEY_UIApplicationSupportsIndirectInputEvents = YES;
				INFOPLIST_KEY_UILaunchStoryboardName = LaunchScreen;
				INFOPLIST_KEY_UIStatusBarStyle = "";
				INFOPLIST_KEY_UISupportedInterfaceOrientations = UIInterfaceOrientationPortrait;
				INFOPLIST_KEY_UISupportedInterfaceOrientations_iPad = "UIInterfaceOrientationLandscapeLeft UIInterfaceOrientationLandscapeRight UIInterfaceOrientationPortrait UIInterfaceOrientationPortraitUpsideDown";
				IPHONEOS_DEPLOYMENT_TARGET = 16.4;
				LD_RUNPATH_SEARCH_PATHS = (
					"$(inherited)",
					"@executable_path/Frameworks",
				);
				MARKETING_VERSION = 1.0;
				PRODUCT_BUNDLE_IDENTIFIER = com.drunkvermicelli.PetLand;
				PRODUCT_NAME = "$(TARGET_NAME)";
				SUPPORTED_PLATFORMS = "iphoneos iphonesimulator";
				SUPPORTS_MACCATALYST = NO;
				SUPPORTS_MAC_DESIGNED_FOR_IPHONE_IPAD = NO;
				SWIFT_EMIT_LOC_STRINGS = YES;
				SWIFT_VERSION = 5.0;
				TARGETED_DEVICE_FAMILY = 1;
			};
			name = Debug;
		};
		FF18D471296EAF5600DCB69E /* Release */ = {
			isa = XCBuildConfiguration;
			buildSettings = {
				ASSETCATALOG_COMPILER_APPICON_NAME = AppIcon;
				ASSETCATALOG_COMPILER_GLOBAL_ACCENT_COLOR_NAME = AccentColor;
				CODE_SIGN_STYLE = Automatic;
				CURRENT_PROJECT_VERSION = 1;
				DEVELOPMENT_ASSET_PATHS = "PetLand/Preview\\ Content";
				DEVELOPMENT_TEAM = 757KZK47PP;
				GENERATE_INFOPLIST_FILE = YES;
				INFOPLIST_FILE = PetLand/Info.plist;
				INFOPLIST_KEY_UIApplicationSupportsIndirectInputEvents = YES;
				INFOPLIST_KEY_UILaunchStoryboardName = LaunchScreen;
				INFOPLIST_KEY_UIStatusBarStyle = "";
				INFOPLIST_KEY_UISupportedInterfaceOrientations = UIInterfaceOrientationPortrait;
				INFOPLIST_KEY_UISupportedInterfaceOrientations_iPad = "UIInterfaceOrientationLandscapeLeft UIInterfaceOrientationLandscapeRight UIInterfaceOrientationPortrait UIInterfaceOrientationPortraitUpsideDown";
				IPHONEOS_DEPLOYMENT_TARGET = 16.4;
				LD_RUNPATH_SEARCH_PATHS = (
					"$(inherited)",
					"@executable_path/Frameworks",
				);
				MARKETING_VERSION = 1.0;
				PRODUCT_BUNDLE_IDENTIFIER = com.drunkvermicelli.PetLand;
				PRODUCT_NAME = "$(TARGET_NAME)";
				SUPPORTED_PLATFORMS = "iphoneos iphonesimulator";
				SUPPORTS_MACCATALYST = NO;
				SUPPORTS_MAC_DESIGNED_FOR_IPHONE_IPAD = NO;
				SWIFT_EMIT_LOC_STRINGS = YES;
				SWIFT_VERSION = 5.0;
				TARGETED_DEVICE_FAMILY = 1;
			};
			name = Release;
		};
/* End XCBuildConfiguration section */

/* Begin XCConfigurationList section */
		FF18D456296EAF5500DCB69E /* Build configuration list for PBXProject "PetLand" */ = {
			isa = XCConfigurationList;
			buildConfigurations = (
				FF18D46D296EAF5600DCB69E /* Debug */,
				FF18D46E296EAF5600DCB69E /* Release */,
			);
			defaultConfigurationIsVisible = 0;
			defaultConfigurationName = Release;
		};
		FF18D46F296EAF5600DCB69E /* Build configuration list for PBXNativeTarget "PetLand" */ = {
			isa = XCConfigurationList;
			buildConfigurations = (
				FF18D470296EAF5600DCB69E /* Debug */,
				FF18D471296EAF5600DCB69E /* Release */,
			);
			defaultConfigurationIsVisible = 0;
			defaultConfigurationName = Release;
		};
/* End XCConfigurationList section */

/* Begin XCRemoteSwiftPackageReference section */
		FFDF81752A040B1900539F74 /* XCRemoteSwiftPackageReference "Alamofire" */ = {
			isa = XCRemoteSwiftPackageReference;
			repositoryURL = "https://github.com/Alamofire/Alamofire.git";
			requirement = {
				kind = upToNextMajorVersion;
				minimumVersion = 5.0.0;
			};
		};
/* End XCRemoteSwiftPackageReference section */

/* Begin XCSwiftPackageProductDependency section */
		FFDF81762A040B1900539F74 /* Alamofire */ = {
			isa = XCSwiftPackageProductDependency;
			package = FFDF81752A040B1900539F74 /* XCRemoteSwiftPackageReference "Alamofire" */;
			productName = Alamofire;
		};
/* End XCSwiftPackageProductDependency section */
	};
	rootObject = FF18D453296EAF5500DCB69E /* Project object */;
}
